
Microsoft Visual Studio Solution File, Format Version 12.00
# Visual Studio Version 16
VisualStudioVersion = 16.0.29905.134
MinimumVisualStudioVersion = 10.0.40219.1
Project("{FAE04EC0-301F-11D3-BF4B-00C04F79EFBC}") = "Calculadora", "Calculadora\Calculadora.csproj", "{139DC83E-F2F2-4D92-8ACD-6C065DFD441C}"
EndProject
Global
	GlobalSection(SolutionConfigurationPlatforms) = preSolution
		Debug|Any CPU = Debug|Any CPU
		Release|Any CPU = Release|Any CPU
	EndGlobalSection
	GlobalSection(ProjectConfigurationPlatforms) = postSolution
		{139DC83E-F2F2-4D92-8ACD-6C065DFD441C}.Debug|Any CPU.ActiveCfg = Debug|Any CPU
		{139DC83E-F2F2-4D92-8ACD-6C065DFD441C}.Debug|Any CPU.Build.0 = Debug|Any CPU
		{139DC83E-F2F2-4D92-8ACD-6C065DFD441C}.Release|Any CPU.ActiveCfg = Release|Any CPU
		{139DC83E-F2F2-4D92-8ACD-6C065DFD441C}.Release|Any CPU.Build.0 = Release|Any CPU
	EndGlobalSection
	GlobalSection(SolutionProperties) = preSolution
		HideSolutionNode = FALSE
	EndGlobalSection
	GlobalSection(ExtensibilityGlobals) = postSolution
		SolutionGuid = {1D9379D5-E76E-428A-B2A4-7F4A984F733B}
	EndGlobalSection
EndGlobal
